
Microsoft Visual Studio Solution File, Format Version 12.00
# Visual Studio 15
VisualStudioVersion = 15.0.28307.421
MinimumVisualStudioVersion = 10.0.40219.1
Project("{FAE04EC0-301F-11D3-BF4B-00C04F79EFBC}") = "NomadApp", "NomadApp\NomadApp.csproj", "{3E6A6E44-B18F-42D3-A65C-43176E0E620F}"
EndProject
Project("{FAE04EC0-301F-11D3-BF4B-00C04F79EFBC}") = "NomadApp.Models", "NomadApp.Models\NomadApp.Models.csproj", "{2E003CD0-B653-4CD9-A2FD-AE647EC04259}"
EndProject
Project("{FAE04EC0-301F-11D3-BF4B-00C04F79EFBC}") = "NomadApp.DataAcces", "NomadApp.DataAcces\NomadApp.DataAcces.csproj", "{0C01B973-22AC-4621-A76E-EDC4D471A635}"
EndProject
Global
	GlobalSection(SolutionConfigurationPlatforms) = preSolution
		Debug|Any CPU = Debug|Any CPU
		Release|Any CPU = Release|Any CPU
	EndGlobalSection
	GlobalSection(ProjectConfigurationPlatforms) = postSolution
		{3E6A6E44-B18F-42D3-A65C-43176E0E620F}.Debug|Any CPU.ActiveCfg = Debug|Any CPU
		{3E6A6E44-B18F-42D3-A65C-43176E0E620F}.Debug|Any CPU.Build.0 = Debug|Any CPU
		{3E6A6E44-B18F-42D3-A65C-43176E0E620F}.Release|Any CPU.ActiveCfg = Release|Any CPU
		{3E6A6E44-B18F-42D3-A65C-43176E0E620F}.Release|Any CPU.Build.0 = Release|Any CPU
		{2E003CD0-B653-4CD9-A2FD-AE647EC04259}.Debug|Any CPU.ActiveCfg = Debug|Any CPU
		{2E003CD0-B653-4CD9-A2FD-AE647EC04259}.Debug|Any CPU.Build.0 = Debug|Any CPU
		{2E003CD0-B653-4CD9-A2FD-AE647EC04259}.Release|Any CPU.ActiveCfg = Release|Any CPU
		{2E003CD0-B653-4CD9-A2FD-AE647EC04259}.Release|Any CPU.Build.0 = Release|Any CPU
		{0C01B973-22AC-4621-A76E-EDC4D471A635}.Debug|Any CPU.ActiveCfg = Debug|Any CPU
		{0C01B973-22AC-4621-A76E-EDC4D471A635}.Debug|Any CPU.Build.0 = Debug|Any CPU
		{0C01B973-22AC-4621-A76E-EDC4D471A635}.Release|Any CPU.ActiveCfg = Release|Any CPU
		{0C01B973-22AC-4621-A76E-EDC4D471A635}.Release|Any CPU.Build.0 = Release|Any CPU
	EndGlobalSection
	GlobalSection(SolutionProperties) = preSolution
		HideSolutionNode = FALSE
	EndGlobalSection
	GlobalSection(ExtensibilityGlobals) = postSolution
		SolutionGuid = {BB12497C-5F38-4ACD-91F4-DA563F784DBC}
	EndGlobalSection
EndGlobal
